
Microsoft Visual Studio Solution File, Format Version 12.00
# Visual Studio 15
VisualStudioVersion = 15.0.26403.0
MinimumVisualStudioVersion = 10.0.40219.1
Project("{FAE04EC0-301F-11D3-BF4B-00C04F79EFBC}") = "TeachingKids.Framework", "TeachingKids.Framework\TeachingKids.Framework.csproj", "{DBDDF430-FCF6-4D47-98F8-C874E82612EE}"
EndProject
Global
	GlobalSection(SolutionConfigurationPlatforms) = preSolution
		Debug|Any CPU = Debug|Any CPU
		Release|Any CPU = Release|Any CPU
	EndGlobalSection
	GlobalSection(ProjectConfigurationPlatforms) = postSolution
		{DBDDF430-FCF6-4D47-98F8-C874E82612EE}.Debug|Any CPU.ActiveCfg = Debug|Any CPU
		{DBDDF430-FCF6-4D47-98F8-C874E82612EE}.Debug|Any CPU.Build.0 = Debug|Any CPU
		{DBDDF430-FCF6-4D47-98F8-C874E82612EE}.Release|Any CPU.ActiveCfg = Release|Any CPU
		{DBDDF430-FCF6-4D47-98F8-C874E82612EE}.Release|Any CPU.Build.0 = Release|Any CPU
	EndGlobalSection
	GlobalSection(SolutionProperties) = preSolution
		HideSolutionNode = FALSE
	EndGlobalSection
EndGlobal
